
Microsoft Visual Studio Solution File, Format Version 12.00
# Visual Studio Version 17
VisualStudioVersion = 17.14.36623.8
MinimumVisualStudioVersion = 10.0.40219.1
Project("{FAE04EC0-301F-11D3-BF4B-00C04F79EFBC}") = "MyThuatShop", "MyThuatShop\MyThuatShop.csproj", "{C3F4FFA7-FE72-4DE0-8C27-2A90AA0903B3}"
EndProject
Project("{FAE04EC0-301F-11D3-BF4B-00C04F79EFBC}") = "MyThuatShop.Api", "MyThuatShop.Api\MyThuatShop.Api.csproj", "{C81FDEE3-9141-446C-8AD4-B0177ED6E30B}"
EndProject
Global
	GlobalSection(SolutionConfigurationPlatforms) = preSolution
		Debug|Any CPU = Debug|Any CPU
		Release|Any CPU = Release|Any CPU
	EndGlobalSection
	GlobalSection(ProjectConfigurationPlatforms) = postSolution
		{C3F4FFA7-FE72-4DE0-8C27-2A90AA0903B3}.Debug|Any CPU.ActiveCfg = Debug|Any CPU
		{C3F4FFA7-FE72-4DE0-8C27-2A90AA0903B3}.Debug|Any CPU.Build.0 = Debug|Any CPU
		{C3F4FFA7-FE72-4DE0-8C27-2A90AA0903B3}.Release|Any CPU.ActiveCfg = Release|Any CPU
		{C3F4FFA7-FE72-4DE0-8C27-2A90AA0903B3}.Release|Any CPU.Build.0 = Release|Any CPU
		{C81FDEE3-9141-446C-8AD4-B0177ED6E30B}.Debug|Any CPU.ActiveCfg = Debug|Any CPU
		{C81FDEE3-9141-446C-8AD4-B0177ED6E30B}.Debug|Any CPU.Build.0 = Debug|Any CPU
		{C81FDEE3-9141-446C-8AD4-B0177ED6E30B}.Release|Any CPU.ActiveCfg = Release|Any CPU
		{C81FDEE3-9141-446C-8AD4-B0177ED6E30B}.Release|Any CPU.Build.0 = Release|Any CPU
	EndGlobalSection
	GlobalSection(SolutionProperties) = preSolution
		HideSolutionNode = FALSE
	EndGlobalSection
	GlobalSection(ExtensibilityGlobals) = postSolution
		SolutionGuid = {995C2CCD-79AD-4358-B68F-2CBDD5F3118B}
	EndGlobalSection
EndGlobal
